
Microsoft Visual Studio Solution File, Format Version 12.00
# Visual Studio Version 17
VisualStudioVersion = 17.11.35327.3
MinimumVisualStudioVersion = 10.0.40219.1
Project("{FAE04EC0-301F-11D3-BF4B-00C04F79EFBC}") = "Clinic_Management_System", "Clinic_Management_System\Clinic_Management_System.csproj", "{64194CFF-3E99-4A07-8D59-8B914CCC9A45}"
EndProject
Global
	GlobalSection(SolutionConfigurationPlatforms) = preSolution
		Debug|Any CPU = Debug|Any CPU
		Release|Any CPU = Release|Any CPU
	EndGlobalSection
	GlobalSection(ProjectConfigurationPlatforms) = postSolution
		{64194CFF-3E99-4A07-8D59-8B914CCC9A45}.Debug|Any CPU.ActiveCfg = Debug|Any CPU
		{64194CFF-3E99-4A07-8D59-8B914CCC9A45}.Debug|Any CPU.Build.0 = Debug|Any CPU
		{64194CFF-3E99-4A07-8D59-8B914CCC9A45}.Release|Any CPU.ActiveCfg = Release|Any CPU
		{64194CFF-3E99-4A07-8D59-8B914CCC9A45}.Release|Any CPU.Build.0 = Release|Any CPU
	EndGlobalSection
	GlobalSection(SolutionProperties) = preSolution
		HideSolutionNode = FALSE
	EndGlobalSection
	GlobalSection(ExtensibilityGlobals) = postSolution
		SolutionGuid = {9538FAC2-652F-4D10-95F3-BBEA5EA68BBA}
	EndGlobalSection
EndGlobal
